{
  "name": "quiz-application-main",
  "lockfileVersion": 2,
  "requires": true,
  "packages": {
    "": {
      "dependencies": {
        "dotenv": "^16.0.3",
        "vscode-dotenv": "^1.0.1"
      }
    },
    "node_modules/dotenv": {
      "version": "16.0.3",
      "resolved": "https://registry.npmjs.org/dotenv/-/dotenv-16.0.3.tgz",
      "integrity": "sha512-7GO6HghkA5fYG9TYnNxi14/7K9f5occMlp3zXAuSxn7CKCxt9xbNWG7yF8hTCSUchlfWSe3uLmlPfigevRItzQ==",
      "engines": {
        "node": ">=12"
      }
    },
    "node_modules/vscode-dotenv": {
      "version": "1.0.1",
      "resolved": "https://registry.npmjs.org/vscode-dotenv/-/vscode-dotenv-1.0.1.tgz",
      "integrity": "sha512-PKdtU/fyTYdQ5gWLsrSScp/1iQIlXC1iIEEpU0HYt6CkTAQYtPt8s6IY/Y6a1b1uMABtZzWqtVpeLBEv1TCxqg==",
      "engines": {
        "vscode": "^1.5.1"
      }
    }
  },
  "dependencies": {
    "dotenv": {
      "version": "16.0.3",
      "resolved": "https://registry.npmjs.org/dotenv/-/dotenv-16.0.3.tgz",
      "integrity": "sha512-7GO6HghkA5fYG9TYnNxi14/7K9f5occMlp3zXAuSxn7CKCxt9xbNWG7yF8hTCSUchlfWSe3uLmlPfigevRItzQ=="
    },
    "vscode-dotenv": {
      "version": "1.0.1",
      "resolved": "https://registry.npmjs.org/vscode-dotenv/-/vscode-dotenv-1.0.1.tgz",
      "integrity": "sha512-PKdtU/fyTYdQ5gWLsrSScp/1iQIlXC1iIEEpU0HYt6CkTAQYtPt8s6IY/Y6a1b1uMABtZzWqtVpeLBEv1TCxqg=="
    }
  }
}
